
Microsoft Visual Studio Solution File, Format Version 12.00
# Visual Studio 2013
VisualStudioVersion = 12.0.21005.1
MinimumVisualStudioVersion = 10.0.40219.1
Project("{FAE04EC0-301F-11D3-BF4B-00C04F79EFBC}") = "UIModule", "UI\UIModule\UIModule\UIModule.csproj", "{06699155-EF77-4906-B9FD-122629489581}"
EndProject
Project("{FAE04EC0-301F-11D3-BF4B-00C04F79EFBC}") = "CommonData", "CommonData\CommonData.csproj", "{395F747C-8D90-489C-B6FD-6F92908C4678}"
EndProject
Project("{FAE04EC0-301F-11D3-BF4B-00C04F79EFBC}") = "LGC", "LGC\LGCModule\LGC.csproj", "{F9DD3D3D-5251-4FCA-9355-34DB428127F0}"
EndProject
Project("{FAE04EC0-301F-11D3-BF4B-00C04F79EFBC}") = "CIM", "CIM\CIMModule\CIM.csproj", "{5875F0CE-96BA-4DAB-ABC3-D88A8679AC29}"
EndProject
Project("{FAE04EC0-301F-11D3-BF4B-00C04F79EFBC}") = "BaseAp", "BaseAp\BaseAp.csproj", "{5A06840F-025E-4D65-8317-C62537E07946}"
EndProject
Project("{FAE04EC0-301F-11D3-BF4B-00C04F79EFBC}") = "KgsMmfEventCenterDll", "KgsMmfEventCenterDll\KgsMmfEventCenterDll.csproj", "{07EDE2FB-E26E-45EE-9115-E91BC3A86586}"
EndProject
Global
	GlobalSection(SolutionConfigurationPlatforms) = preSolution
		Debug|Any CPU = Debug|Any CPU
		Release|Any CPU = Release|Any CPU
	EndGlobalSection
	GlobalSection(ProjectConfigurationPlatforms) = postSolution
		{06699155-EF77-4906-B9FD-122629489581}.Debug|Any CPU.ActiveCfg = Debug|Any CPU
		{06699155-EF77-4906-B9FD-122629489581}.Debug|Any CPU.Build.0 = Debug|Any CPU
		{06699155-EF77-4906-B9FD-122629489581}.Release|Any CPU.ActiveCfg = Release|Any CPU
		{06699155-EF77-4906-B9FD-122629489581}.Release|Any CPU.Build.0 = Release|Any CPU
		{395F747C-8D90-489C-B6FD-6F92908C4678}.Debug|Any CPU.ActiveCfg = Debug|Any CPU
		{395F747C-8D90-489C-B6FD-6F92908C4678}.Debug|Any CPU.Build.0 = Debug|Any CPU
		{395F747C-8D90-489C-B6FD-6F92908C4678}.Release|Any CPU.ActiveCfg = Release|Any CPU
		{395F747C-8D90-489C-B6FD-6F92908C4678}.Release|Any CPU.Build.0 = Release|Any CPU
		{F9DD3D3D-5251-4FCA-9355-34DB428127F0}.Debug|Any CPU.ActiveCfg = Debug|Any CPU
		{F9DD3D3D-5251-4FCA-9355-34DB428127F0}.Debug|Any CPU.Build.0 = Debug|Any CPU
		{F9DD3D3D-5251-4FCA-9355-34DB428127F0}.Release|Any CPU.ActiveCfg = Release|Any CPU
		{F9DD3D3D-5251-4FCA-9355-34DB428127F0}.Release|Any CPU.Build.0 = Release|Any CPU
		{5875F0CE-96BA-4DAB-ABC3-D88A8679AC29}.Debug|Any CPU.ActiveCfg = Debug|Any CPU
		{5875F0CE-96BA-4DAB-ABC3-D88A8679AC29}.Debug|Any CPU.Build.0 = Debug|Any CPU
		{5875F0CE-96BA-4DAB-ABC3-D88A8679AC29}.Release|Any CPU.ActiveCfg = Release|Any CPU
		{5875F0CE-96BA-4DAB-ABC3-D88A8679AC29}.Release|Any CPU.Build.0 = Release|Any CPU
		{5A06840F-025E-4D65-8317-C62537E07946}.Debug|Any CPU.ActiveCfg = Debug|Any CPU
		{5A06840F-025E-4D65-8317-C62537E07946}.Debug|Any CPU.Build.0 = Debug|Any CPU
		{5A06840F-025E-4D65-8317-C62537E07946}.Release|Any CPU.ActiveCfg = Release|Any CPU
		{5A06840F-025E-4D65-8317-C62537E07946}.Release|Any CPU.Build.0 = Release|Any CPU
		{07EDE2FB-E26E-45EE-9115-E91BC3A86586}.Debug|Any CPU.ActiveCfg = Debug|Any CPU
		{07EDE2FB-E26E-45EE-9115-E91BC3A86586}.Debug|Any CPU.Build.0 = Debug|Any CPU
		{07EDE2FB-E26E-45EE-9115-E91BC3A86586}.Release|Any CPU.ActiveCfg = Release|Any CPU
		{07EDE2FB-E26E-45EE-9115-E91BC3A86586}.Release|Any CPU.Build.0 = Release|Any CPU
	EndGlobalSection
	GlobalSection(SolutionProperties) = preSolution
		HideSolutionNode = FALSE
	EndGlobalSection
EndGlobal
